// !$*UTF8*$!
{
	archiveVersion = 1;
	classes = {
	};
	objectVersion = 51;
	objects = {

/* Begin PBXBuildFile section */
		237B8A17242EA152003123A0 /* Extensions.swift in Sources */ = {isa = PBXBuildFile; fileRef = 237B8A16242EA152003123A0 /* Extensions.swift */; };
		237B8A19242EC13A003123A0 /* GoogleService-Info.plist in Resources */ = {isa = PBXBuildFile; fileRef = 237B8A18242EC13A003123A0 /* GoogleService-Info.plist */; };
		23904BB524300B84002F4D56 /* MainTabBarController.swift in Sources */ = {isa = PBXBuildFile; fileRef = 23904BB424300B84002F4D56 /* MainTabBarController.swift */; };
		23904BB724300EC4002F4D56 /* UserProfileController.swift in Sources */ = {isa = PBXBuildFile; fileRef = 23904BB624300EC4002F4D56 /* UserProfileController.swift */; };
		23A1F623242BE0E3004858C3 /* AppDelegate.swift in Sources */ = {isa = PBXBuildFile; fileRef = 23A1F622242BE0E3004858C3 /* AppDelegate.swift */; };
		23A1F625242BE0E3004858C3 /* SignUpController.swift in Sources */ = {isa = PBXBuildFile; fileRef = 23A1F624242BE0E3004858C3 /* SignUpController.swift */; };
		23A1F628242BE0E3004858C3 /* Main.storyboard in Resources */ = {isa = PBXBuildFile; fileRef = 23A1F626242BE0E3004858C3 /* Main.storyboard */; };
		23A1F62D242BE0E5004858C3 /* LaunchScreen.storyboard in Resources */ = {isa = PBXBuildFile; fileRef = 23A1F62B242BE0E5004858C3 /* LaunchScreen.storyboard */; };
		23A1F638242BE0E5004858C3 /* InstagramTests.swift in Sources */ = {isa = PBXBuildFile; fileRef = 23A1F637242BE0E5004858C3 /* InstagramTests.swift */; };
		23A1F643242BE0E5004858C3 /* InstagramUITests.swift in Sources */ = {isa = PBXBuildFile; fileRef = 23A1F642242BE0E5004858C3 /* InstagramUITests.swift */; };
		23A1F653242E6074004858C3 /* Assets.xcassets in Resources */ = {isa = PBXBuildFile; fileRef = 23A1F652242E6074004858C3 /* Assets.xcassets */; };
		23D7EF2624301F0000F6FB57 /* UserProfileHeader.swift in Sources */ = {isa = PBXBuildFile; fileRef = 23D7EF2524301F0000F6FB57 /* UserProfileHeader.swift */; };
		23D7EF2924305BFF00F6FB57 /* LoginController.swift in Sources */ = {isa = PBXBuildFile; fileRef = 23D7EF2824305BFF00F6FB57 /* LoginController.swift */; };
		23E609142431336A008C57D3 /* PhotoSelectorController.swift in Sources */ = {isa = PBXBuildFile; fileRef = 23E609132431336A008C57D3 /* PhotoSelectorController.swift */; };
		308AFD408C287E4552A6BD4D /* Pods_Instagram.framework in Frameworks */ = {isa = PBXBuildFile; fileRef = 2A73FBD13305FA737DF8F1E5 /* Pods_Instagram.framework */; };
		AF7102E4763926660ADF259E /* Pods_InstagramUITests.framework in Frameworks */ = {isa = PBXBuildFile; fileRef = 566B132CF12BE3AA19D669E7 /* Pods_InstagramUITests.framework */; };
		FADB8E6342AF5DB837D1E802 /* Pods_InstagramTests.framework in Frameworks */ = {isa = PBXBuildFile; fileRef = 78B5343AFE6C3695FD76AAC6 /* Pods_InstagramTests.framework */; };
/* End PBXBuildFile section */

/* Begin PBXContainerItemProxy section */
		23A1F634242BE0E5004858C3 /* PBXContainerItemProxy */ = {
			isa = PBXContainerItemProxy;
			containerPortal = 23A1F617242BE0E3004858C3 /* Project object */;
			proxyType = 1;
			remoteGlobalIDString = 23A1F61E242BE0E3004858C3;
			remoteInfo = Instagram;
		};
		23A1F63F242BE0E5004858C3 /* PBXContainerItemProxy */ = {
			isa = PBXContainerItemProxy;
			containerPortal = 23A1F617242BE0E3004858C3 /* Project object */;
			proxyType = 1;
			remoteGlobalIDString = 23A1F61E242BE0E3004858C3;
			remoteInfo = Instagram;
		};
/* End PBXContainerItemProxy section */

/* Begin PBXFileReference section */
		237B8A16242EA152003123A0 /* Extensions.swift */ = {isa = PBXFileReference; lastKnownFileType = sourcecode.swift; path = Extensions.swift; sourceTree = "<group>"; };
		237B8A18242EC13A003123A0 /* GoogleService-Info.plist */ = {isa = PBXFileReference; fileEncoding = 4; lastKnownFileType = text.plist.xml; path = "GoogleService-Info.plist"; sourceTree = "<group>"; };
		23904BB424300B84002F4D56 /* MainTabBarController.swift */ = {isa = PBXFileReference; lastKnownFileType = sourcecode.swift; path = MainTabBarController.swift; sourceTree = "<group>"; };
		23904BB624300EC4002F4D56 /* UserProfileController.swift */ = {isa = PBXFileReference; lastKnownFileType = sourcecode.swift; path = UserProfileController.swift; sourceTree = "<group>"; };
		23A1F61F242BE0E3004858C3 /* Instagram.app */ = {isa = PBXFileReference; explicitFileType = wrapper.application; includeInIndex = 0; path = Instagram.app; sourceTree = BUILT_PRODUCTS_DIR; };
		23A1F622242BE0E3004858C3 /* AppDelegate.swift */ = {isa = PBXFileReference; lastKnownFileType = sourcecode.swift; path = AppDelegate.swift; sourceTree = "<group>"; };
		23A1F624242BE0E3004858C3 /* SignUpController.swift */ = {isa = PBXFileReference; lastKnownFileType = sourcecode.swift; path = SignUpController.swift; sourceTree = "<group>"; };
		23A1F627242BE0E3004858C3 /* Base */ = {isa = PBXFileReference; lastKnownFileType = file.storyboard; name = Base; path = Base.lproj/Main.storyboard; sourceTree = "<group>"; };
		23A1F62C242BE0E5004858C3 /* Base */ = {isa = PBXFileReference; lastKnownFileType = file.storyboard; name = Base; path = Base.lproj/LaunchScreen.storyboard; sourceTree = "<group>"; };
		23A1F62E242BE0E5004858C3 /* Info.plist */ = {isa = PBXFileReference; lastKnownFileType = text.plist.xml; path = Info.plist; sourceTree = "<group>"; };
		23A1F633242BE0E5004858C3 /* InstagramTests.xctest */ = {isa = PBXFileReference; explicitFileType = wrapper.cfbundle; includeInIndex = 0; path = InstagramTests.xctest; sourceTree = BUILT_PRODUCTS_DIR; };
		23A1F637242BE0E5004858C3 /* InstagramTests.swift */ = {isa = PBXFileReference; lastKnownFileType = sourcecode.swift; path = InstagramTests.swift; sourceTree = "<group>"; };
		23A1F639242BE0E5004858C3 /* Info.plist */ = {isa = PBXFileReference; lastKnownFileType = text.plist.xml; path = Info.plist; sourceTree = "<group>"; };
		23A1F63E242BE0E5004858C3 /* InstagramUITests.xctest */ = {isa = PBXFileReference; explicitFileType = wrapper.cfbundle; includeInIndex = 0; path = InstagramUITests.xctest; sourceTree = BUILT_PRODUCTS_DIR; };
		23A1F642242BE0E5004858C3 /* InstagramUITests.swift */ = {isa = PBXFileReference; lastKnownFileType = sourcecode.swift; path = InstagramUITests.swift; sourceTree = "<group>"; };
		23A1F644242BE0E5004858C3 /* Info.plist */ = {isa = PBXFileReference; lastKnownFileType = text.plist.xml; path = Info.plist; sourceTree = "<group>"; };
		23A1F652242E6074004858C3 /* Assets.xcassets */ = {isa = PBXFileReference; lastKnownFileType = folder.assetcatalog; path = Assets.xcassets; sourceTree = "<group>"; };
		23D7EF2524301F0000F6FB57 /* UserProfileHeader.swift */ = {isa = PBXFileReference; lastKnownFileType = sourcecode.swift; path = UserProfileHeader.swift; sourceTree = "<group>"; };
		23D7EF2824305BFF00F6FB57 /* LoginController.swift */ = {isa = PBXFileReference; lastKnownFileType = sourcecode.swift; path = LoginController.swift; sourceTree = "<group>"; };
		23E609132431336A008C57D3 /* PhotoSelectorController.swift */ = {isa = PBXFileReference; lastKnownFileType = sourcecode.swift; path = PhotoSelectorController.swift; sourceTree = "<group>"; };
		2A73FBD13305FA737DF8F1E5 /* Pods_Instagram.framework */ = {isa = PBXFileReference; explicitFileType = wrapper.framework; includeInIndex = 0; path = Pods_Instagram.framework; sourceTree = BUILT_PRODUCTS_DIR; };
		32B6E9B5F25734A83E96E6F1 /* Pods-InstagramTests.release.xcconfig */ = {isa = PBXFileReference; includeInIndex = 1; lastKnownFileType = text.xcconfig; name = "Pods-InstagramTests.release.xcconfig"; path = "Target Support Files/Pods-InstagramTests/Pods-InstagramTests.release.xcconfig"; sourceTree = "<group>"; };
		4073FDF5818E0B4C56B95DF3 /* Pods-InstagramUITests.debug.xcconfig */ = {isa = PBXFileReference; includeInIndex = 1; lastKnownFileType = text.xcconfig; name = "Pods-InstagramUITests.debug.xcconfig"; path = "Target Support Files/Pods-InstagramUITests/Pods-InstagramUITests.debug.xcconfig"; sourceTree = "<group>"; };
		54BEF1A79F4F7B5EC33F99BF /* Pods-Instagram.debug.xcconfig */ = {isa = PBXFileReference; includeInIndex = 1; lastKnownFileType = text.xcconfig; name = "Pods-Instagram.debug.xcconfig"; path = "Target Support Files/Pods-Instagram/Pods-Instagram.debug.xcconfig"; sourceTree = "<group>"; };
		566B132CF12BE3AA19D669E7 /* Pods_InstagramUITests.framework */ = {isa = PBXFileReference; explicitFileType = wrapper.framework; includeInIndex = 0; path = Pods_InstagramUITests.framework; sourceTree = BUILT_PRODUCTS_DIR; };
		78B5343AFE6C3695FD76AAC6 /* Pods_InstagramTests.framework */ = {isa = PBXFileReference; explicitFileType = wrapper.framework; includeInIndex = 0; path = Pods_InstagramTests.framework; sourceTree = BUILT_PRODUCTS_DIR; };
		90603F03E6143F6AA1A64CD7 /* Pods-Instagram.release.xcconfig */ = {isa = PBXFileReference; includeInIndex = 1; lastKnownFileType = text.xcconfig; name = "Pods-Instagram.release.xcconfig"; path = "Target Support Files/Pods-Instagram/Pods-Instagram.release.xcconfig"; sourceTree = "<group>"; };
		A68CD276E7D1D9AF92A151EE /* Pods-InstagramUITests.release.xcconfig */ = {isa = PBXFileReference; includeInIndex = 1; lastKnownFileType = text.xcconfig; name = "Pods-InstagramUITests.release.xcconfig"; path = "Target Support Files/Pods-InstagramUITests/Pods-InstagramUITests.release.xcconfig"; sourceTree = "<group>"; };
		DA6955C9CDA68688A8DE4F63 /* Pods-InstagramTests.debug.xcconfig */ = {isa = PBXFileReference; includeInIndex = 1; lastKnownFileType = text.xcconfig; name = "Pods-InstagramTests.debug.xcconfig"; path = "Target Support Files/Pods-InstagramTests/Pods-InstagramTests.debug.xcconfig"; sourceTree = "<group>"; };
/* End PBXFileReference section */

/* Begin PBXFrameworksBuildPhase section */
		23A1F61C242BE0E3004858C3 /* Frameworks */ = {
			isa = PBXFrameworksBuildPhase;
			buildActionMask = 2147483647;
			files = (
				308AFD408C287E4552A6BD4D /* Pods_Instagram.framework in Frameworks */,
			);
			runOnlyForDeploymentPostprocessing = 0;
		};
		23A1F630242BE0E5004858C3 /* Frameworks */ = {
			isa = PBXFrameworksBuildPhase;
			buildActionMask = 2147483647;
			files = (
				FADB8E6342AF5DB837D1E802 /* Pods_InstagramTests.framework in Frameworks */,
			);
			runOnlyForDeploymentPostprocessing = 0;
		};
		23A1F63B242BE0E5004858C3 /* Frameworks */ = {
			isa = PBXFrameworksBuildPhase;
			buildActionMask = 2147483647;
			files = (
				AF7102E4763926660ADF259E /* Pods_InstagramUITests.framework in Frameworks */,
			);
			runOnlyForDeploymentPostprocessing = 0;
		};
/* End PBXFrameworksBuildPhase section */

/* Begin PBXGroup section */
		23A1F616242BE0E3004858C3 = {
			isa = PBXGroup;
			children = (
				23A1F621242BE0E3004858C3 /* Instagram */,
				23A1F636242BE0E5004858C3 /* InstagramTests */,
				23A1F641242BE0E5004858C3 /* InstagramUITests */,
				23A1F620242BE0E3004858C3 /* Products */,
				341CBDA8E99579727B835364 /* Pods */,
				55CF6602E087B3DFAA16D584 /* Frameworks */,
			);
			sourceTree = "<group>";
		};
		23A1F620242BE0E3004858C3 /* Products */ = {
			isa = PBXGroup;
			children = (
				23A1F61F242BE0E3004858C3 /* Instagram.app */,
				23A1F633242BE0E5004858C3 /* InstagramTests.xctest */,
				23A1F63E242BE0E5004858C3 /* InstagramUITests.xctest */,
			);
			name = Products;
			sourceTree = "<group>";
		};
		23A1F621242BE0E3004858C3 /* Instagram */ = {
			isa = PBXGroup;
			children = (
				23E6091224313358008C57D3 /* AddPhoto */,
				23D7EF2724305BE900F6FB57 /* Login */,
				23D7EF2424301EEE00F6FB57 /* UserProfile */,
				23A1F656242EA0E6004858C3 /* Utils */,
				23A1F622242BE0E3004858C3 /* AppDelegate.swift */,
				23904BB424300B84002F4D56 /* MainTabBarController.swift */,
				23A1F626242BE0E3004858C3 /* Main.storyboard */,
				23A1F62B242BE0E5004858C3 /* LaunchScreen.storyboard */,
				23A1F62E242BE0E5004858C3 /* Info.plist */,
				237B8A18242EC13A003123A0 /* GoogleService-Info.plist */,
				23A1F652242E6074004858C3 /* Assets.xcassets */,
			);
			path = Instagram;
			sourceTree = "<group>";
		};
		23A1F636242BE0E5004858C3 /* InstagramTests */ = {
			isa = PBXGroup;
			children = (
				23A1F637242BE0E5004858C3 /* InstagramTests.swift */,
				23A1F639242BE0E5004858C3 /* Info.plist */,
			);
			path = InstagramTests;
			sourceTree = "<group>";
		};
		23A1F641242BE0E5004858C3 /* InstagramUITests */ = {
			isa = PBXGroup;
			children = (
				23A1F642242BE0E5004858C3 /* InstagramUITests.swift */,
				23A1F644242BE0E5004858C3 /* Info.plist */,
			);
			path = InstagramUITests;
			sourceTree = "<group>";
		};
		23A1F656242EA0E6004858C3 /* Utils */ = {
			isa = PBXGroup;
			children = (
				237B8A16242EA152003123A0 /* Extensions.swift */,
			);
			path = Utils;
			sourceTree = "<group>";
		};
		23D7EF2424301EEE00F6FB57 /* UserProfile */ = {
			isa = PBXGroup;
			children = (
				23904BB624300EC4002F4D56 /* UserProfileController.swift */,
				23D7EF2524301F0000F6FB57 /* UserProfileHeader.swift */,
			);
			path = UserProfile;
			sourceTree = "<group>";
		};
		23D7EF2724305BE900F6FB57 /* Login */ = {
			isa = PBXGroup;
			children = (
				23D7EF2824305BFF00F6FB57 /* LoginController.swift */,
				23A1F624242BE0E3004858C3 /* SignUpController.swift */,
			);
			path = Login;
			sourceTree = "<group>";
		};
		23E6091224313358008C57D3 /* AddPhoto */ = {
			isa = PBXGroup;
			children = (
				23E609132431336A008C57D3 /* PhotoSelectorController.swift */,
			);
			path = AddPhoto;
			sourceTree = "<group>";
		};
		341CBDA8E99579727B835364 /* Pods */ = {
			isa = PBXGroup;
			children = (
				54BEF1A79F4F7B5EC33F99BF /* Pods-Instagram.debug.xcconfig */,
				90603F03E6143F6AA1A64CD7 /* Pods-Instagram.release.xcconfig */,
				DA6955C9CDA68688A8DE4F63 /* Pods-InstagramTests.debug.xcconfig */,
				32B6E9B5F25734A83E96E6F1 /* Pods-InstagramTests.release.xcconfig */,
				4073FDF5818E0B4C56B95DF3 /* Pods-InstagramUITests.debug.xcconfig */,
				A68CD276E7D1D9AF92A151EE /* Pods-InstagramUITests.release.xcconfig */,
			);
			path = Pods;
			sourceTree = "<group>";
		};
		55CF6602E087B3DFAA16D584 /* Frameworks */ = {
			isa = PBXGroup;
			children = (
				2A73FBD13305FA737DF8F1E5 /* Pods_Instagram.framework */,
				78B5343AFE6C3695FD76AAC6 /* Pods_InstagramTests.framework */,
				566B132CF12BE3AA19D669E7 /* Pods_InstagramUITests.framework */,
			);
			name = Frameworks;
			sourceTree = "<group>";
		};
/* End PBXGroup section */

/* Begin PBXNativeTarget section */
		23A1F61E242BE0E3004858C3 /* Instagram */ = {
			isa = PBXNativeTarget;
			buildConfigurationList = 23A1F647242BE0E5004858C3 /* Build configuration list for PBXNativeTarget "Instagram" */;
			buildPhases = (
				0B4B2DB29CA9696A35428E72 /* [CP] Check Pods Manifest.lock */,
				23A1F61B242BE0E3004858C3 /* Sources */,
				23A1F61C242BE0E3004858C3 /* Frameworks */,
				23A1F61D242BE0E3004858C3 /* Resources */,
				26233A93E7647A12BA044792 /* [CP] Embed Pods Frameworks */,
			);
			buildRules = (
			);
			dependencies = (
			);
			name = Instagram;
			productName = Instagram;
			productReference = 23A1F61F242BE0E3004858C3 /* Instagram.app */;
			productType = "com.apple.product-type.application";
		};
		23A1F632242BE0E5004858C3 /* InstagramTests */ = {
			isa = PBXNativeTarget;
			buildConfigurationList = 23A1F64A242BE0E5004858C3 /* Build configuration list for PBXNativeTarget "InstagramTests" */;
			buildPhases = (
				7B3319FDD4D2C83F149AB239 /* [CP] Check Pods Manifest.lock */,
				23A1F62F242BE0E5004858C3 /* Sources */,
				23A1F630242BE0E5004858C3 /* Frameworks */,
				23A1F631242BE0E5004858C3 /* Resources */,
			);
			buildRules = (
			);
			dependencies = (
				23A1F635242BE0E5004858C3 /* PBXTargetDependency */,
			);
			name = InstagramTests;
			productName = InstagramTests;
			productReference = 23A1F633242BE0E5004858C3 /* InstagramTests.xctest */;
			productType = "com.apple.product-type.bundle.unit-test";
		};
		23A1F63D242BE0E5004858C3 /* InstagramUITests */ = {
			isa = PBXNativeTarget;
			buildConfigurationList = 23A1F64D242BE0E5004858C3 /* Build configuration list for PBXNativeTarget "InstagramUITests" */;
			buildPhases = (
				DCFFA85E75DD7B5D44FE2DE0 /* [CP] Check Pods Manifest.lock */,
				23A1F63A242BE0E5004858C3 /* Sources */,
				23A1F63B242BE0E5004858C3 /* Frameworks */,
				23A1F63C242BE0E5004858C3 /* Resources */,
			);
			buildRules = (
			);
			dependencies = (
				23A1F640242BE0E5004858C3 /* PBXTargetDependency */,
			);
			name = InstagramUITests;
			productName = InstagramUITests;
			productReference = 23A1F63E242BE0E5004858C3 /* InstagramUITests.xctest */;
			productType = "com.apple.product-type.bundle.ui-testing";
		};
/* End PBXNativeTarget section */

/* Begin PBXProject section */
		23A1F617242BE0E3004858C3 /* Project object */ = {
			isa = PBXProject;
			attributes = {
				LastSwiftUpdateCheck = 1020;
				LastUpgradeCheck = 1020;
				ORGANIZATIONNAME = "Ali Sanaknaki";
				TargetAttributes = {
					23A1F61E242BE0E3004858C3 = {
						CreatedOnToolsVersion = 10.2.1;
					};
					23A1F632242BE0E5004858C3 = {
						CreatedOnToolsVersion = 10.2.1;
						TestTargetID = 23A1F61E242BE0E3004858C3;
					};
					23A1F63D242BE0E5004858C3 = {
						CreatedOnToolsVersion = 10.2.1;
						TestTargetID = 23A1F61E242BE0E3004858C3;
					};
				};
			};
			buildConfigurationList = 23A1F61A242BE0E3004858C3 /* Build configuration list for PBXProject "Instagram" */;
			compatibilityVersion = "Xcode 9.3";
			developmentRegion = en;
			hasScannedForEncodings = 0;
			knownRegions = (
				en,
				Base,
			);
			mainGroup = 23A1F616242BE0E3004858C3;
			productRefGroup = 23A1F620242BE0E3004858C3 /* Products */;
			projectDirPath = "";
			projectRoot = "";
			targets = (
				23A1F61E242BE0E3004858C3 /* Instagram */,
				23A1F632242BE0E5004858C3 /* InstagramTests */,
				23A1F63D242BE0E5004858C3 /* InstagramUITests */,
			);
		};
/* End PBXProject section */

/* Begin PBXResourcesBuildPhase section */
		23A1F61D242BE0E3004858C3 /* Resources */ = {
			isa = PBXResourcesBuildPhase;
			buildActionMask = 2147483647;
			files = (
				23A1F62D242BE0E5004858C3 /* LaunchScreen.storyboard in Resources */,
				237B8A19242EC13A003123A0 /* GoogleService-Info.plist in Resources */,
				23A1F653242E6074004858C3 /* Assets.xcassets in Resources */,
				23A1F628242BE0E3004858C3 /* Main.storyboard in Resources */,
			);
			runOnlyForDeploymentPostprocessing = 0;
		};
		23A1F631242BE0E5004858C3 /* Resources */ = {
			isa = PBXResourcesBuildPhase;
			buildActionMask = 2147483647;
			files = (
			);
			runOnlyForDeploymentPostprocessing = 0;
		};
		23A1F63C242BE0E5004858C3 /* Resources */ = {
			isa = PBXResourcesBuildPhase;
			buildActionMask = 2147483647;
			files = (
			);
			runOnlyForDeploymentPostprocessing = 0;
		};
/* End PBXResourcesBuildPhase section */

/* Begin PBXShellScriptBuildPhase section */
		0B4B2DB29CA9696A35428E72 /* [CP] Check Pods Manifest.lock */ = {
			isa = PBXShellScriptBuildPhase;
			buildActionMask = 2147483647;
			files = (
			);
			inputFileListPaths = (
			);
			inputPaths = (
				"${PODS_PODFILE_DIR_PATH}/Podfile.lock",
				"${PODS_ROOT}/Manifest.lock",
			);
			name = "[CP] Check Pods Manifest.lock";
			outputFileListPaths = (
			);
			outputPaths = (
				"$(DERIVED_FILE_DIR)/Pods-Instagram-checkManifestLockResult.txt",
			);
			runOnlyForDeploymentPostprocessing = 0;
			shellPath = /bin/sh;
			shellScript = "diff \"${PODS_PODFILE_DIR_PATH}/Podfile.lock\" \"${PODS_ROOT}/Manifest.lock\" > /dev/null\nif [ $? != 0 ] ; then\n    # print error to STDERR\n    echo \"error: The sandbox is not in sync with the Podfile.lock. Run 'pod install' or update your CocoaPods installation.\" >&2\n    exit 1\nfi\n# This output is used by Xcode 'outputs' to avoid re-running this script phase.\necho \"SUCCESS\" > \"${SCRIPT_OUTPUT_FILE_0}\"\n";
			showEnvVarsInLog = 0;
		};
		26233A93E7647A12BA044792 /* [CP] Embed Pods Frameworks */ = {
			isa = PBXShellScriptBuildPhase;
			buildActionMask = 2147483647;
			files = (
			);
			inputFileListPaths = (
				"${PODS_ROOT}/Target Support Files/Pods-Instagram/Pods-Instagram-frameworks-${CONFIGURATION}-input-files.xcfilelist",
			);
			name = "[CP] Embed Pods Frameworks";
			outputFileListPaths = (
				"${PODS_ROOT}/Target Support Files/Pods-Instagram/Pods-Instagram-frameworks-${CONFIGURATION}-output-files.xcfilelist",
			);
			runOnlyForDeploymentPostprocessing = 0;
			shellPath = /bin/sh;
			shellScript = "\"${PODS_ROOT}/Target Support Files/Pods-Instagram/Pods-Instagram-frameworks.sh\"\n";
			showEnvVarsInLog = 0;
		};
		7B3319FDD4D2C83F149AB239 /* [CP] Check Pods Manifest.lock */ = {
			isa = PBXShellScriptBuildPhase;
			buildActionMask = 2147483647;
			files = (
			);
			inputFileListPaths = (
			);
			inputPaths = (
				"${PODS_PODFILE_DIR_PATH}/Podfile.lock",
				"${PODS_ROOT}/Manifest.lock",
			);
			name = "[CP] Check Pods Manifest.lock";
			outputFileListPaths = (
			);
			outputPaths = (
				"$(DERIVED_FILE_DIR)/Pods-InstagramTests-checkManifestLockResult.txt",
			);
			runOnlyForDeploymentPostprocessing = 0;
			shellPath = /bin/sh;
			shellScript = "diff \"${PODS_PODFILE_DIR_PATH}/Podfile.lock\" \"${PODS_ROOT}/Manifest.lock\" > /dev/null\nif [ $? != 0 ] ; then\n    # print error to STDERR\n    echo \"error: The sandbox is not in sync with the Podfile.lock. Run 'pod install' or update your CocoaPods installation.\" >&2\n    exit 1\nfi\n# This output is used by Xcode 'outputs' to avoid re-running this script phase.\necho \"SUCCESS\" > \"${SCRIPT_OUTPUT_FILE_0}\"\n";
			showEnvVarsInLog = 0;
		};
		DCFFA85E75DD7B5D44FE2DE0 /* [CP] Check Pods Manifest.lock */ = {
			isa = PBXShellScriptBuildPhase;
			buildActionMask = 2147483647;
			files = (
			);
			inputFileListPaths = (
			);
			inputPaths = (
				"${PODS_PODFILE_DIR_PATH}/Podfile.lock",
				"${PODS_ROOT}/Manifest.lock",
			);
			name = "[CP] Check Pods Manifest.lock";
			outputFileListPaths = (
			);
			outputPaths = (
				"$(DERIVED_FILE_DIR)/Pods-InstagramUITests-checkManifestLockResult.txt",
			);
			runOnlyForDeploymentPostprocessing = 0;
			shellPath = /bin/sh;
			shellScript = "diff \"${PODS_PODFILE_DIR_PATH}/Podfile.lock\" \"${PODS_ROOT}/Manifest.lock\" > /dev/null\nif [ $? != 0 ] ; then\n    # print error to STDERR\n    echo \"error: The sandbox is not in sync with the Podfile.lock. Run 'pod install' or update your CocoaPods installation.\" >&2\n    exit 1\nfi\n# This output is used by Xcode 'outputs' to avoid re-running this script phase.\necho \"SUCCESS\" > \"${SCRIPT_OUTPUT_FILE_0}\"\n";
			showEnvVarsInLog = 0;
		};
/* End PBXShellScriptBuildPhase section */

/* Begin PBXSourcesBuildPhase section */
		23A1F61B242BE0E3004858C3 /* Sources */ = {
			isa = PBXSourcesBuildPhase;
			buildActionMask = 2147483647;
			files = (
				23904BB724300EC4002F4D56 /* UserProfileController.swift in Sources */,
				23A1F625242BE0E3004858C3 /* SignUpController.swift in Sources */,
				237B8A17242EA152003123A0 /* Extensions.swift in Sources */,
				23D7EF2624301F0000F6FB57 /* UserProfileHeader.swift in Sources */,
				23904BB524300B84002F4D56 /* MainTabBarController.swift in Sources */,
				23A1F623242BE0E3004858C3 /* AppDelegate.swift in Sources */,
				23D7EF2924305BFF00F6FB57 /* LoginController.swift in Sources */,
				23E609142431336A008C57D3 /* PhotoSelectorController.swift in Sources */,
			);
			runOnlyForDeploymentPostprocessing = 0;
		};
		23A1F62F242BE0E5004858C3 /* Sources */ = {
			isa = PBXSourcesBuildPhase;
			buildActionMask = 2147483647;
			files = (
				23A1F638242BE0E5004858C3 /* InstagramTests.swift in Sources */,
			);
			runOnlyForDeploymentPostprocessing = 0;
		};
		23A1F63A242BE0E5004858C3 /* Sources */ = {
			isa = PBXSourcesBuildPhase;
			buildActionMask = 2147483647;
			files = (
				23A1F643242BE0E5004858C3 /* InstagramUITests.swift in Sources */,
			);
			runOnlyForDeploymentPostprocessing = 0;
		};
/* End PBXSourcesBuildPhase section */

/* Begin PBXTargetDependency section */
		23A1F635242BE0E5004858C3 /* PBXTargetDependency */ = {
			isa = PBXTargetDependency;
			target = 23A1F61E242BE0E3004858C3 /* Instagram */;
			targetProxy = 23A1F634242BE0E5004858C3 /* PBXContainerItemProxy */;
		};
		23A1F640242BE0E5004858C3 /* PBXTargetDependency */ = {
			isa = PBXTargetDependency;
			target = 23A1F61E242BE0E3004858C3 /* Instagram */;
			targetProxy = 23A1F63F242BE0E5004858C3 /* PBXContainerItemProxy */;
		};
/* End PBXTargetDependency section */

/* Begin PBXVariantGroup section */
		23A1F626242BE0E3004858C3 /* Main.storyboard */ = {
			isa = PBXVariantGroup;
			children = (
				23A1F627242BE0E3004858C3 /* Base */,
			);
			name = Main.storyboard;
			sourceTree = "<group>";
		};
		23A1F62B242BE0E5004858C3 /* LaunchScreen.storyboard */ = {
			isa = PBXVariantGroup;
			children = (
				23A1F62C242BE0E5004858C3 /* Base */,
			);
			name = LaunchScreen.storyboard;
			sourceTree = "<group>";
		};
/* End PBXVariantGroup section */

/* Begin XCBuildConfiguration section */
		23A1F645242BE0E5004858C3 /* Debug */ = {
			isa = XCBuildConfiguration;
			buildSettings = {
				ALWAYS_SEARCH_USER_PATHS = NO;
				CLANG_ANALYZER_NONNULL = YES;
				CLANG_ANALYZER_NUMBER_OBJECT_CONVERSION = YES_AGGRESSIVE;
				CLANG_CXX_LANGUAGE_STANDARD = "gnu++14";
				CLANG_CXX_LIBRARY = "libc++";
				CLANG_ENABLE_MODULES = YES;
				CLANG_ENABLE_OBJC_ARC = YES;
				CLANG_ENABLE_OBJC_WEAK = YES;
				CLANG_WARN_BLOCK_CAPTURE_AUTORELEASING = YES;
				CLANG_WARN_BOOL_CONVERSION = YES;
				CLANG_WARN_COMMA = YES;
				CLANG_WARN_CONSTANT_CONVERSION = YES;
				CLANG_WARN_DEPRECATED_OBJC_IMPLEMENTATIONS = YES;
				CLANG_WARN_DIRECT_OBJC_ISA_USAGE = YES_ERROR;
				CLANG_WARN_DOCUMENTATION_COMMENTS = YES;
				CLANG_WARN_EMPTY_BODY = YES;
				CLANG_WARN_ENUM_CONVERSION = YES;
				CLANG_WARN_INFINITE_RECURSION = YES;
				CLANG_WARN_INT_CONVERSION = YES;
				CLANG_WARN_NON_LITERAL_NULL_CONVERSION = YES;
				CLANG_WARN_OBJC_IMPLICIT_RETAIN_SELF = YES;
				CLANG_WARN_OBJC_LITERAL_CONVERSION = YES;
				CLANG_WARN_OBJC_ROOT_CLASS = YES_ERROR;
				CLANG_WARN_RANGE_LOOP_ANALYSIS = YES;
				CLANG_WARN_STRICT_PROTOTYPES = YES;
				CLANG_WARN_SUSPICIOUS_MOVE = YES;
				CLANG_WARN_UNGUARDED_AVAILABILITY = YES_AGGRESSIVE;
				CLANG_WARN_UNREACHABLE_CODE = YES;
				CLANG_WARN__DUPLICATE_METHOD_MATCH = YES;
				CODE_SIGN_IDENTITY = "iPhone Developer";
				COPY_PHASE_STRIP = NO;
				DEBUG_INFORMATION_FORMAT = dwarf;
				ENABLE_STRICT_OBJC_MSGSEND = YES;
				ENABLE_TESTABILITY = YES;
				GCC_C_LANGUAGE_STANDARD = gnu11;
				GCC_DYNAMIC_NO_PIC = NO;
				GCC_NO_COMMON_BLOCKS = YES;
				GCC_OPTIMIZATION_LEVEL = 0;
				GCC_PREPROCESSOR_DEFINITIONS = (
					"DEBUG=1",
					"$(inherited)",
				);
				GCC_WARN_64_TO_32_BIT_CONVERSION = YES;
				GCC_WARN_ABOUT_RETURN_TYPE = YES_ERROR;
				GCC_WARN_UNDECLARED_SELECTOR = YES;
				GCC_WARN_UNINITIALIZED_AUTOS = YES_AGGRESSIVE;
				GCC_WARN_UNUSED_FUNCTION = YES;
				GCC_WARN_UNUSED_VARIABLE = YES;
				IPHONEOS_DEPLOYMENT_TARGET = 12.2;
				MTL_ENABLE_DEBUG_INFO = INCLUDE_SOURCE;
				MTL_FAST_MATH = YES;
				ONLY_ACTIVE_ARCH = YES;
				SDKROOT = iphoneos;
				SWIFT_ACTIVE_COMPILATION_CONDITIONS = DEBUG;
				SWIFT_OPTIMIZATION_LEVEL = "-Onone";
			};
			name = Debug;
		};
		23A1F646242BE0E5004858C3 /* Release */ = {
			isa = XCBuildConfiguration;
			buildSettings = {
				ALWAYS_SEARCH_USER_PATHS = NO;
				CLANG_ANALYZER_NONNULL = YES;
				CLANG_ANALYZER_NUMBER_OBJECT_CONVERSION = YES_AGGRESSIVE;
				CLANG_CXX_LANGUAGE_STANDARD = "gnu++14";
				CLANG_CXX_LIBRARY = "libc++";
				CLANG_ENABLE_MODULES = YES;
				CLANG_ENABLE_OBJC_ARC = YES;
				CLANG_ENABLE_OBJC_WEAK = YES;
				CLANG_WARN_BLOCK_CAPTURE_AUTORELEASING = YES;
				CLANG_WARN_BOOL_CONVERSION = YES;
				CLANG_WARN_COMMA = YES;
				CLANG_WARN_CONSTANT_CONVERSION = YES;
				CLANG_WARN_DEPRECATED_OBJC_IMPLEMENTATIONS = YES;
				CLANG_WARN_DIRECT_OBJC_ISA_USAGE = YES_ERROR;
				CLANG_WARN_DOCUMENTATION_COMMENTS = YES;
				CLANG_WARN_EMPTY_BODY = YES;
				CLANG_WARN_ENUM_CONVERSION = YES;
				CLANG_WARN_INFINITE_RECURSION = YES;
				CLANG_WARN_INT_CONVERSION = YES;
				CLANG_WARN_NON_LITERAL_NULL_CONVERSION = YES;
				CLANG_WARN_OBJC_IMPLICIT_RETAIN_SELF = YES;
				CLANG_WARN_OBJC_LITERAL_CONVERSION = YES;
				CLANG_WARN_OBJC_ROOT_CLASS = YES_ERROR;
				CLANG_WARN_RANGE_LOOP_ANALYSIS = YES;
				CLANG_WARN_STRICT_PROTOTYPES = YES;
				CLANG_WARN_SUSPICIOUS_MOVE = YES;
				CLANG_WARN_UNGUARDED_AVAILABILITY = YES_AGGRESSIVE;
				CLANG_WARN_UNREACHABLE_CODE = YES;
				CLANG_WARN__DUPLICATE_METHOD_MATCH = YES;
				CODE_SIGN_IDENTITY = "iPhone Developer";
				COPY_PHASE_STRIP = NO;
				DEBUG_INFORMATION_FORMAT = "dwarf-with-dsym";
				ENABLE_NS_ASSERTIONS = NO;
				ENABLE_STRICT_OBJC_MSGSEND = YES;
				GCC_C_LANGUAGE_STANDARD = gnu11;
				GCC_NO_COMMON_BLOCKS = YES;
				GCC_WARN_64_TO_32_BIT_CONVERSION = YES;
				GCC_WARN_ABOUT_RETURN_TYPE = YES_ERROR;
				GCC_WARN_UNDECLARED_SELECTOR = YES;
				GCC_WARN_UNINITIALIZED_AUTOS = YES_AGGRESSIVE;
				GCC_WARN_UNUSED_FUNCTION = YES;
				GCC_WARN_UNUSED_VARIABLE = YES;
				IPHONEOS_DEPLOYMENT_TARGET = 12.2;
				MTL_ENABLE_DEBUG_INFO = NO;
				MTL_FAST_MATH = YES;
				SDKROOT = iphoneos;
				SWIFT_COMPILATION_MODE = wholemodule;
				SWIFT_OPTIMIZATION_LEVEL = "-O";
				VALIDATE_PRODUCT = YES;
			};
			name = Release;
		};
		23A1F648242BE0E5004858C3 /* Debug */ = {
			isa = XCBuildConfiguration;
			baseConfigurationReference = 54BEF1A79F4F7B5EC33F99BF /* Pods-Instagram.debug.xcconfig */;
			buildSettings = {
				ASSETCATALOG_COMPILER_APPICON_NAME = AppIcon;
				CODE_SIGN_STYLE = Automatic;
				DEVELOPMENT_TEAM = 34U57LC3TA;
				INFOPLIST_FILE = Instagram/Info.plist;
				LD_RUNPATH_SEARCH_PATHS = (
					"$(inherited)",
					"@executable_path/Frameworks",
				);
				PRODUCT_BUNDLE_IDENTIFIER = com.sanaknaki.Instagram;
				PRODUCT_NAME = "$(TARGET_NAME)";
				SWIFT_VERSION = 5.0;
				TARGETED_DEVICE_FAMILY = "1,2";
			};
			name = Debug;
		};
		23A1F649242BE0E5004858C3 /* Release */ = {
			isa = XCBuildConfiguration;
			baseConfigurationReference = 90603F03E6143F6AA1A64CD7 /* Pods-Instagram.release.xcconfig */;
			buildSettings = {
				ASSETCATALOG_COMPILER_APPICON_NAME = AppIcon;
				CODE_SIGN_STYLE = Automatic;
				DEVELOPMENT_TEAM = 34U57LC3TA;
				INFOPLIST_FILE = Instagram/Info.plist;
				LD_RUNPATH_SEARCH_PATHS = (
					"$(inherited)",
					"@executable_path/Frameworks",
				);
				PRODUCT_BUNDLE_IDENTIFIER = com.sanaknaki.Instagram;
				PRODUCT_NAME = "$(TARGET_NAME)";
				SWIFT_VERSION = 5.0;
				TARGETED_DEVICE_FAMILY = "1,2";
			};
			name = Release;
		};
		23A1F64B242BE0E5004858C3 /* Debug */ = {
			isa = XCBuildConfiguration;
			baseConfigurationReference = DA6955C9CDA68688A8DE4F63 /* Pods-InstagramTests.debug.xcconfig */;
			buildSettings = {
				ALWAYS_EMBED_SWIFT_STANDARD_LIBRARIES = YES;
				BUNDLE_LOADER = "$(TEST_HOST)";
				CODE_SIGN_STYLE = Automatic;
				DEVELOPMENT_TEAM = 34U57LC3TA;
				INFOPLIST_FILE = InstagramTests/Info.plist;
				LD_RUNPATH_SEARCH_PATHS = (
					"$(inherited)",
					"@executable_path/Frameworks",
					"@loader_path/Frameworks",
				);
				PRODUCT_BUNDLE_IDENTIFIER = com.sanaknaki.InstagramTests;
				PRODUCT_NAME = "$(TARGET_NAME)";
				SWIFT_VERSION = 5.0;
				TARGETED_DEVICE_FAMILY = "1,2";
				TEST_HOST = "$(BUILT_PRODUCTS_DIR)/Instagram.app/Instagram";
			};
			name = Debug;
		};
		23A1F64C242BE0E5004858C3 /* Release */ = {
			isa = XCBuildConfiguration;
			baseConfigurationReference = 32B6E9B5F25734A83E96E6F1 /* Pods-InstagramTests.release.xcconfig */;
			buildSettings = {
				ALWAYS_EMBED_SWIFT_STANDARD_LIBRARIES = YES;
				BUNDLE_LOADER = "$(TEST_HOST)";
				CODE_SIGN_STYLE = Automatic;
				DEVELOPMENT_TEAM = 34U57LC3TA;
				INFOPLIST_FILE = InstagramTests/Info.plist;
				LD_RUNPATH_SEARCH_PATHS = (
					"$(inherited)",
					"@executable_path/Frameworks",
					"@loader_path/Frameworks",
				);
				PRODUCT_BUNDLE_IDENTIFIER = com.sanaknaki.InstagramTests;
				PRODUCT_NAME = "$(TARGET_NAME)";
				SWIFT_VERSION = 5.0;
				TARGETED_DEVICE_FAMILY = "1,2";
				TEST_HOST = "$(BUILT_PRODUCTS_DIR)/Instagram.app/Instagram";
			};
			name = Release;
		};
		23A1F64E242BE0E5004858C3 /* Debug */ = {
			isa = XCBuildConfiguration;
			baseConfigurationReference = 4073FDF5818E0B4C56B95DF3 /* Pods-InstagramUITests.debug.xcconfig */;
			buildSettings = {
				ALWAYS_EMBED_SWIFT_STANDARD_LIBRARIES = YES;
				CODE_SIGN_STYLE = Automatic;
				DEVELOPMENT_TEAM = 34U57LC3TA;
				INFOPLIST_FILE = InstagramUITests/Info.plist;
				LD_RUNPATH_SEARCH_PATHS = (
					"$(inherited)",
					"@executable_path/Frameworks",
					"@loader_path/Frameworks",
				);
				PRODUCT_BUNDLE_IDENTIFIER = com.sanaknaki.InstagramUITests;
				PRODUCT_NAME = "$(TARGET_NAME)";
				SWIFT_VERSION = 5.0;
				TARGETED_DEVICE_FAMILY = "1,2";
				TEST_TARGET_NAME = Instagram;
			};
			name = Debug;
		};
		23A1F64F242BE0E5004858C3 /* Release */ = {
			isa = XCBuildConfiguration;
			baseConfigurationReference = A68CD276E7D1D9AF92A151EE /* Pods-InstagramUITests.release.xcconfig */;
			buildSettings = {
				ALWAYS_EMBED_SWIFT_STANDARD_LIBRARIES = YES;
				CODE_SIGN_STYLE = Automatic;
				DEVELOPMENT_TEAM = 34U57LC3TA;
				INFOPLIST_FILE = InstagramUITests/Info.plist;
				LD_RUNPATH_SEARCH_PATHS = (
					"$(inherited)",
					"@executable_path/Frameworks",
					"@loader_path/Frameworks",
				);
				PRODUCT_BUNDLE_IDENTIFIER = com.sanaknaki.InstagramUITests;
				PRODUCT_NAME = "$(TARGET_NAME)";
				SWIFT_VERSION = 5.0;
				TARGETED_DEVICE_FAMILY = "1,2";
				TEST_TARGET_NAME = Instagram;
			};
			name = Release;
		};
/* End XCBuildConfiguration section */

/* Begin XCConfigurationList section */
		23A1F61A242BE0E3004858C3 /* Build configuration list for PBXProject "Instagram" */ = {
			isa = XCConfigurationList;
			buildConfigurations = (
				23A1F645242BE0E5004858C3 /* Debug */,
				23A1F646242BE0E5004858C3 /* Release */,
			);
			defaultConfigurationIsVisible = 0;
			defaultConfigurationName = Release;
		};
		23A1F647242BE0E5004858C3 /* Build configuration list for PBXNativeTarget "Instagram" */ = {
			isa = XCConfigurationList;
			buildConfigurations = (
				23A1F648242BE0E5004858C3 /* Debug */,
				23A1F649242BE0E5004858C3 /* Release */,
			);
			defaultConfigurationIsVisible = 0;
			defaultConfigurationName = Release;
		};
		23A1F64A242BE0E5004858C3 /* Build configuration list for PBXNativeTarget "InstagramTests" */ = {
			isa = XCConfigurationList;
			buildConfigurations = (
				23A1F64B242BE0E5004858C3 /* Debug */,
				23A1F64C242BE0E5004858C3 /* Release */,
			);
			defaultConfigurationIsVisible = 0;
			defaultConfigurationName = Release;
		};
		23A1F64D242BE0E5004858C3 /* Build configuration list for PBXNativeTarget "InstagramUITests" */ = {
			isa = XCConfigurationList;
			buildConfigurations = (
				23A1F64E242BE0E5004858C3 /* Debug */,
				23A1F64F242BE0E5004858C3 /* Release */,
			);
			defaultConfigurationIsVisible = 0;
			defaultConfigurationName = Release;
		};
/* End XCConfigurationList section */
	};
	rootObject = 23A1F617242BE0E3004858C3 /* Project object */;
}
